version = 1
revision = 3
requires-python = ">=3.11"

[[package]]
name = "install-proper-polars"
version = "0.1.6"
source = { editable = "." }
dependencies = [
    { name = "polars", marker = "platform_machine == 'AMD64' or platform_machine == 'x86_64'" },
    { name = "polars-lts-cpu", marker = "platform_machine == 'ARM64'" },
]

[package.metadata]
requires-dist = [
    { name = "polars", marker = "platform_machine == 'AMD64' or platform_machine == 'x86_64'" },
    { name = "polars-lts-cpu", marker = "platform_machine == 'ARM64'" },
]

[[package]]
name = "polars"
version = "1.32.3"
source = { registry = "https://pypi.org/simple" }
sdist = { url = "https://files.pythonhosted.org/packages/aa/f2/1a76a8bd902bc4942e435a480f362c8687bba60d438ff3283191e38568fa/polars-1.32.3.tar.gz", hash = "sha256:57c500dc1b5cba49b0589034478db031815f3d57a20cb830b05ecee1a9ba56b1", size = 4838448, upload-time = "2025-08-14T17:28:10.702Z" }
wheels = [
    { url = "https://files.pythonhosted.org/packages/4c/9b/5937ab9f8fa49c8e00617aeb817a5ffa5740434d5bb8a90f2afa657875aa/polars-1.32.3-cp39-abi3-macosx_10_12_x86_64.whl", hash = "sha256:c7c472ea1d50a5104079cb64e34f78f85774bcc69b875ba8daf21233f4c70d42", size = 37935794, upload-time = "2025-08-14T17:26:55.565Z" },
    { url = "https://files.pythonhosted.org/packages/ab/8a/6f56af7e535c34c95decc8654786bfce4632ba32817dc2f8bad18571ef9a/polars-1.32.3-cp39-abi3-manylinux_2_17_x86_64.manylinux2014_x86_64.whl", hash = "sha256:c9a9b9668ef310e5a77a7e7daa9c753874779c8da52e93f654bfd7953eb4b60b", size = 38443071, upload-time = "2025-08-14T17:27:08.382Z" },
    { url = "https://files.pythonhosted.org/packages/d7/c8/226953cda6cf9ae63aa9714d396a9138029e31db3c504c15d6711b618f8f/polars-1.32.3-cp39-abi3-win_amd64.whl", hash = "sha256:db56a7cb4898e173d62634e182f74bdff744c62be5470e0fe20df8d10f659af7", size = 38038192, upload-time = "2025-08-14T17:27:15.993Z" },
]

[[package]]
name = "polars-lts-cpu"
version = "1.32.3"
source = { registry = "https://pypi.org/simple" }
sdist = { url = "https://files.pythonhosted.org/packages/f2/5f/e7cf1fa2c4f29985161364cd879b6137dcf448e04c19b1a6948759230c79/polars_lts_cpu-1.32.3.tar.gz", hash = "sha256:02749e5788c686040390544a0282308f2e3350901583fd2b0d4bd1da3e18cf67", size = 4838838, upload-time = "2025-08-14T17:28:12.725Z" }
wheels = [
    { url = "https://files.pythonhosted.org/packages/8f/73/769167e07ea97347b9b074abfb4179f33bc3490f3958ecf374288fd0cc0e/polars_lts_cpu-1.32.3-cp39-abi3-macosx_11_0_arm64.whl", hash = "sha256:a81979937bc9f0f593b0f6c9939c92245060febddd195cd73b4e50604346b3dd", size = 34621214, upload-time = "2025-08-14T17:27:29.125Z" },
    { url = "https://files.pythonhosted.org/packages/33/c1/886719b41ee0fad129cf0bd77d6ab4572b7e5421500570e8aa76aa5d5413/polars_lts_cpu-1.32.3-cp39-abi3-manylinux_2_24_aarch64.whl", hash = "sha256:57b20b0c6aaae8d4cf31037f868cbf7085d084554dcef05953b8182cffaed52d", size = 35639674, upload-time = "2025-08-14T17:27:37.055Z" },
    { url = "https://files.pythonhosted.org/packages/ad/12/69fc9472fbf2972d48f306127201ca5c8526b9bd46a5e8fcddf5dd987580/polars_lts_cpu-1.32.3-cp39-abi3-win_arm64.whl", hash = "sha256:92c29464c12c9ff217b0840f08900310c93dbc9e21c7b1baec0c47af2b23d41f", size = 34198998, upload-time = "2025-08-14T17:27:44.916Z" },
]
